
Microsoft Visual Studio Solution File, Format Version 12.00
# Visual Studio Version 16
VisualStudioVersion = 16.0.31424.327
MinimumVisualStudioVersion = 10.0.40219.1
Project("{E24C65DC-7377-472B-9ABA-BC803B73C61A}") = "C_SOAPservice", ".", "{45D1B64D-8500-4964-BA6B-CCF95E67EC77}"
	ProjectSection(WebsiteProperties) = preProject
		TargetFrameworkMoniker = ".NETFramework,Version%3Dv4.7.2"
		Debug.AspNetCompiler.VirtualPath = "/localhost_56254"
		Debug.AspNetCompiler.PhysicalPath = "..\C_SOAPservice\"
		Debug.AspNetCompiler.TargetPath = "PrecompiledWeb\localhost_56254\"
		Debug.AspNetCompiler.Updateable = "true"
		Debug.AspNetCompiler.ForceOverwrite = "true"
		Debug.AspNetCompiler.FixedNames = "false"
		Debug.AspNetCompiler.Debug = "True"
		Release.AspNetCompiler.VirtualPath = "/localhost_56254"
		Release.AspNetCompiler.PhysicalPath = "..\C_SOAPservice\"
		Release.AspNetCompiler.TargetPath = "PrecompiledWeb\localhost_56254\"
		Release.AspNetCompiler.Updateable = "true"
		Release.AspNetCompiler.ForceOverwrite = "true"
		Release.AspNetCompiler.FixedNames = "false"
		Release.AspNetCompiler.Debug = "False"
		VWDPort = "56254"
		SlnRelativePath = "..\C_SOAPservice\"
		DefaultWebSiteLanguage = "Visual C#"
	EndProjectSection
EndProject
Global
	GlobalSection(SolutionConfigurationPlatforms) = preSolution
		Debug|Any CPU = Debug|Any CPU
	EndGlobalSection
	GlobalSection(ProjectConfigurationPlatforms) = postSolution
		{45D1B64D-8500-4964-BA6B-CCF95E67EC77}.Debug|Any CPU.ActiveCfg = Debug|Any CPU
		{45D1B64D-8500-4964-BA6B-CCF95E67EC77}.Debug|Any CPU.Build.0 = Debug|Any CPU
	EndGlobalSection
	GlobalSection(SolutionProperties) = preSolution
		HideSolutionNode = FALSE
	EndGlobalSection
	GlobalSection(ExtensibilityGlobals) = postSolution
		SolutionGuid = {9204F0D9-6016-4DC5-887F-0E7B7CC5ADE0}
	EndGlobalSection
EndGlobal
